
Microsoft Visual Studio Solution File, Format Version 12.00
# Visual Studio Version 16
VisualStudioVersion = 16.0.29326.143
MinimumVisualStudioVersion = 10.0.40219.1
Project("{FAE04EC0-301F-11D3-BF4B-00C04F79EFBC}") = "RobotInterface", "RobotInterface.csproj", "{9DA8459E-7004-4FEE-AEB8-5CE87201A572}"
EndProject
Project("{FAE04EC0-301F-11D3-BF4B-00C04F79EFBC}") = "WpfAsservissementDisplay", "..\WpfAsservissementDisplay\WpfAsservissementDisplay.csproj", "{F0A887E9-D0A2-47E3-994A-94A0DCAE8D4F}"
EndProject
Project("{FAE04EC0-301F-11D3-BF4B-00C04F79EFBC}") = "Utilities", "..\Utilities\Utilities.csproj", "{8E7D0DA4-9A13-4B18-A90E-0243BBCCE40A}"
EndProject
Project("{FAE04EC0-301F-11D3-BF4B-00C04F79EFBC}") = "Constants", "..\Constants\Constants.csproj", "{0540B497-B2CE-40A1-84B5-3109CE2F3146}"
EndProject
Global
	GlobalSection(SolutionConfigurationPlatforms) = preSolution
		Debug|Any CPU = Debug|Any CPU
		Debug|x64 = Debug|x64
		Release|Any CPU = Release|Any CPU
		Release|x64 = Release|x64
	EndGlobalSection
	GlobalSection(ProjectConfigurationPlatforms) = postSolution
		{9DA8459E-7004-4FEE-AEB8-5CE87201A572}.Debug|Any CPU.ActiveCfg = Debug|Any CPU
		{9DA8459E-7004-4FEE-AEB8-5CE87201A572}.Debug|Any CPU.Build.0 = Debug|Any CPU
		{9DA8459E-7004-4FEE-AEB8-5CE87201A572}.Debug|x64.ActiveCfg = Debug|Any CPU
		{9DA8459E-7004-4FEE-AEB8-5CE87201A572}.Debug|x64.Build.0 = Debug|Any CPU
		{9DA8459E-7004-4FEE-AEB8-5CE87201A572}.Release|Any CPU.ActiveCfg = Release|Any CPU
		{9DA8459E-7004-4FEE-AEB8-5CE87201A572}.Release|Any CPU.Build.0 = Release|Any CPU
		{9DA8459E-7004-4FEE-AEB8-5CE87201A572}.Release|x64.ActiveCfg = Release|Any CPU
		{9DA8459E-7004-4FEE-AEB8-5CE87201A572}.Release|x64.Build.0 = Release|Any CPU
		{F0A887E9-D0A2-47E3-994A-94A0DCAE8D4F}.Debug|Any CPU.ActiveCfg = Debug|Any CPU
		{F0A887E9-D0A2-47E3-994A-94A0DCAE8D4F}.Debug|Any CPU.Build.0 = Debug|Any CPU
		{F0A887E9-D0A2-47E3-994A-94A0DCAE8D4F}.Debug|x64.ActiveCfg = Debug|Any CPU
		{F0A887E9-D0A2-47E3-994A-94A0DCAE8D4F}.Debug|x64.Build.0 = Debug|Any CPU
		{F0A887E9-D0A2-47E3-994A-94A0DCAE8D4F}.Release|Any CPU.ActiveCfg = Release|Any CPU
		{F0A887E9-D0A2-47E3-994A-94A0DCAE8D4F}.Release|Any CPU.Build.0 = Release|Any CPU
		{F0A887E9-D0A2-47E3-994A-94A0DCAE8D4F}.Release|x64.ActiveCfg = Release|Any CPU
		{F0A887E9-D0A2-47E3-994A-94A0DCAE8D4F}.Release|x64.Build.0 = Release|Any CPU
		{8E7D0DA4-9A13-4B18-A90E-0243BBCCE40A}.Debug|Any CPU.ActiveCfg = Debug|Any CPU
		{8E7D0DA4-9A13-4B18-A90E-0243BBCCE40A}.Debug|Any CPU.Build.0 = Debug|Any CPU
		{8E7D0DA4-9A13-4B18-A90E-0243BBCCE40A}.Debug|x64.ActiveCfg = Debug|Any CPU
		{8E7D0DA4-9A13-4B18-A90E-0243BBCCE40A}.Debug|x64.Build.0 = Debug|Any CPU
		{8E7D0DA4-9A13-4B18-A90E-0243BBCCE40A}.Release|Any CPU.ActiveCfg = Release|Any CPU
		{8E7D0DA4-9A13-4B18-A90E-0243BBCCE40A}.Release|Any CPU.Build.0 = Release|Any CPU
		{8E7D0DA4-9A13-4B18-A90E-0243BBCCE40A}.Release|x64.ActiveCfg = Release|Any CPU
		{8E7D0DA4-9A13-4B18-A90E-0243BBCCE40A}.Release|x64.Build.0 = Release|Any CPU
		{0540B497-B2CE-40A1-84B5-3109CE2F3146}.Debug|Any CPU.ActiveCfg = Debug|Any CPU
		{0540B497-B2CE-40A1-84B5-3109CE2F3146}.Debug|Any CPU.Build.0 = Debug|Any CPU
		{0540B497-B2CE-40A1-84B5-3109CE2F3146}.Debug|x64.ActiveCfg = Debug|x64
		{0540B497-B2CE-40A1-84B5-3109CE2F3146}.Debug|x64.Build.0 = Debug|x64
		{0540B497-B2CE-40A1-84B5-3109CE2F3146}.Release|Any CPU.ActiveCfg = Release|Any CPU
		{0540B497-B2CE-40A1-84B5-3109CE2F3146}.Release|Any CPU.Build.0 = Release|Any CPU
		{0540B497-B2CE-40A1-84B5-3109CE2F3146}.Release|x64.ActiveCfg = Release|x64
		{0540B497-B2CE-40A1-84B5-3109CE2F3146}.Release|x64.Build.0 = Release|x64
	EndGlobalSection
	GlobalSection(SolutionProperties) = preSolution
		HideSolutionNode = FALSE
	EndGlobalSection
	GlobalSection(ExtensibilityGlobals) = postSolution
		SolutionGuid = {891F3371-A6CB-4E1A-822C-5352A822C311}
	EndGlobalSection
EndGlobal
